<?xml version="1.0" encoding="UTF-8"?>
<Scheme LastUpgradeVersion = "2650" version = "1.7">
   <!-- One scheme, three test targets (docs/15 §3). CI runs Unit + Snapshot on every push
        and adds UI on a PR to main; the UI target is the one that needs the fixture server
        in ios/Fixtures running. -->
   <BuildAction parallelizeBuildables = "YES" buildImplicitDependencies = "YES">
      <BuildActionEntries>
         <BuildActionEntry buildForTesting = "YES" buildForRunning = "YES" buildForProfiling = "YES" buildForArchiving = "YES" buildForAnalyzing = "YES">
            <BuildableReference
               BuildableIdentifier = "primary"
               BlueprintIdentifier = "AA000400"
               BuildableName = "BlindDrop.app"
               BlueprintName = "BlindDrop"
               ReferencedContainer = "container:BlindDrop.xcodeproj">
            </BuildableReference>
         </BuildActionEntry>
      </BuildActionEntries>
   </BuildAction>
   <TestAction
      buildConfiguration = "Debug"
      selectedDebuggerIdentifier = "Xcode.DebuggerFoundation.Debugger.LLDB"
      selectedLauncherIdentifier = "Xcode.DebuggerFoundation.Launcher.LLDB"
      shouldUseLaunchSchemeArgsEnv = "YES">
      <Testables>
         <TestableReference skipped = "NO">
            <BuildableReference
               BuildableIdentifier = "primary"
               BlueprintIdentifier = "AA000401"
               BuildableName = "BlindDropUnitTests.xctest"
               BlueprintName = "BlindDropUnitTests"
               ReferencedContainer = "container:BlindDrop.xcodeproj">
            </BuildableReference>
         </TestableReference>
         <TestableReference skipped = "NO">
            <BuildableReference
               BuildableIdentifier = "primary"
               BlueprintIdentifier = "AA000402"
               BuildableName = "BlindDropSnapshotTests.xctest"
               BlueprintName = "BlindDropSnapshotTests"
               ReferencedContainer = "container:BlindDrop.xcodeproj">
            </BuildableReference>
         </TestableReference>
         <TestableReference skipped = "NO">
            <BuildableReference
               BuildableIdentifier = "primary"
               BlueprintIdentifier = "AA000403"
               BuildableName = "BlindDropUITests.xctest"
               BlueprintName = "BlindDropUITests"
               ReferencedContainer = "container:BlindDrop.xcodeproj">
            </BuildableReference>
         </TestableReference>
      </Testables>
   </TestAction>
   <LaunchAction
      buildConfiguration = "Debug"
      selectedDebuggerIdentifier = "Xcode.DebuggerFoundation.Debugger.LLDB"
      selectedLauncherIdentifier = "Xcode.DebuggerFoundation.Launcher.LLDB"
      launchStyle = "0"
      useCustomWorkingDirectory = "NO"
      ignoresPersistentStateOnLaunch = "NO"
      debugDocumentVersioning = "YES"
      debugServiceExtension = "internal"
      allowLocationSimulation = "NO">
      <BuildableProductRunnable runnableDebuggingMode = "0">
         <BuildableReference
            BuildableIdentifier = "primary"
            BlueprintIdentifier = "AA000400"
            BuildableName = "BlindDrop.app"
            BlueprintName = "BlindDrop"
            ReferencedContainer = "container:BlindDrop.xcodeproj">
         </BuildableReference>
      </BuildableProductRunnable>
   </LaunchAction>
   <ProfileAction
      buildConfiguration = "Release"
      shouldUseLaunchSchemeArgsEnv = "YES"
      savedToolIdentifier = ""
      useCustomWorkingDirectory = "NO"
      debugDocumentVersioning = "YES">
      <BuildableProductRunnable runnableDebuggingMode = "0">
         <BuildableReference
            BuildableIdentifier = "primary"
            BlueprintIdentifier = "AA000400"
            BuildableName = "BlindDrop.app"
            BlueprintName = "BlindDrop"
            ReferencedContainer = "container:BlindDrop.xcodeproj">
         </BuildableReference>
      </BuildableProductRunnable>
   </ProfileAction>
   <AnalyzeAction buildConfiguration = "Debug"></AnalyzeAction>
   <ArchiveAction buildConfiguration = "Release" revealArchiveInOrganizer = "YES"></ArchiveAction>
</Scheme>
