// !$*UTF8*$!
{
	archiveVersion = 1;
	classes = {
	};
	objectVersion = 77;
	objects = {

/* Begin PBXFileSystemSynchronizedBuildFileExceptionSet section */
		AA000020 /* Exceptions for "BlindDrop" folder in "BlindDrop" target */ = {
			isa = PBXFileSystemSynchronizedBuildFileExceptionSet;
			membershipExceptions = (
				"Info.plist",
				"BlindDrop.entitlements",
				"Core/Audio/.gitkeep",
				"Core/Auth/.gitkeep",
				"Core/Networking/DTO/.gitkeep",
				"Core/Persistence/.gitkeep",
				"Core/Push/.gitkeep",
				"Core/Time/.gitkeep",
				"DesignSystem/Components/.gitkeep",
				"DesignSystem/Motion/.gitkeep",
				"Features/Onboarding/.gitkeep",
				"Features/Record/Export/.gitkeep",
				"Features/Results/Share/.gitkeep",
				"Features/Reveal/.gitkeep",
				"Features/Round/.gitkeep",
				"Features/Settings/.gitkeep",
				"Features/Submit/.gitkeep",
				"Resources/Fonts/.gitkeep",
			);
			target = AA000400 /* BlindDrop */;
		};
/* End PBXFileSystemSynchronizedBuildFileExceptionSet section */

/* Begin PBXFileSystemSynchronizedRootGroup section */
		AA000010 /* BlindDrop */ = {isa = PBXFileSystemSynchronizedRootGroup; exceptions = (AA000020 /* Exceptions for "BlindDrop" folder in "BlindDrop" target */, ); explicitFileTypes = {}; explicitFolders = (); path = BlindDrop; sourceTree = "<group>"; };
		AA000011 /* Unit */ = {isa = PBXFileSystemSynchronizedRootGroup; explicitFileTypes = {}; explicitFolders = (); path = BlindDropTests/Unit; sourceTree = "<group>"; };
		AA000012 /* Snapshot */ = {isa = PBXFileSystemSynchronizedRootGroup; explicitFileTypes = {}; explicitFolders = (); path = BlindDropTests/Snapshot; sourceTree = "<group>"; };
		AA000013 /* UI */ = {isa = PBXFileSystemSynchronizedRootGroup; explicitFileTypes = {}; explicitFolders = (); path = BlindDropTests/UI; sourceTree = "<group>"; };
/* End PBXFileSystemSynchronizedRootGroup section */

/* Begin PBXFileReference section */
		AA000001 /* BlindDrop.app */ = {isa = PBXFileReference; explicitFileType = wrapper.application; includeInIndex = 0; path = BlindDrop.app; sourceTree = BUILT_PRODUCTS_DIR; };
		AA000002 /* BlindDropUnitTests.xctest */ = {isa = PBXFileReference; explicitFileType = wrapper.cfbundle; includeInIndex = 0; path = BlindDropUnitTests.xctest; sourceTree = BUILT_PRODUCTS_DIR; };
		AA000003 /* BlindDropSnapshotTests.xctest */ = {isa = PBXFileReference; explicitFileType = wrapper.cfbundle; includeInIndex = 0; path = BlindDropSnapshotTests.xctest; sourceTree = BUILT_PRODUCTS_DIR; };
		AA000004 /* BlindDropUITests.xctest */ = {isa = PBXFileReference; explicitFileType = wrapper.cfbundle; includeInIndex = 0; path = BlindDropUITests.xctest; sourceTree = BUILT_PRODUCTS_DIR; };
/* End PBXFileReference section */

/* Begin PBXFrameworksBuildPhase section */
		AA000100 = {isa = PBXFrameworksBuildPhase; buildActionMask = 2147483647; files = (); runOnlyForDeploymentPostprocessing = 0; };
		AA000101 = {isa = PBXFrameworksBuildPhase; buildActionMask = 2147483647; files = (); runOnlyForDeploymentPostprocessing = 0; };
		AA000102 = {isa = PBXFrameworksBuildPhase; buildActionMask = 2147483647; files = (); runOnlyForDeploymentPostprocessing = 0; };
		AA000103 = {isa = PBXFrameworksBuildPhase; buildActionMask = 2147483647; files = (); runOnlyForDeploymentPostprocessing = 0; };
/* End PBXFrameworksBuildPhase section */

/* Begin PBXSourcesBuildPhase section */
		AA000200 = {isa = PBXSourcesBuildPhase; buildActionMask = 2147483647; files = (); runOnlyForDeploymentPostprocessing = 0; };
		AA000201 = {isa = PBXSourcesBuildPhase; buildActionMask = 2147483647; files = (); runOnlyForDeploymentPostprocessing = 0; };
		AA000202 = {isa = PBXSourcesBuildPhase; buildActionMask = 2147483647; files = (); runOnlyForDeploymentPostprocessing = 0; };
		AA000203 = {isa = PBXSourcesBuildPhase; buildActionMask = 2147483647; files = (); runOnlyForDeploymentPostprocessing = 0; };
/* End PBXSourcesBuildPhase section */

/* Begin PBXResourcesBuildPhase section */
		AA000300 = {isa = PBXResourcesBuildPhase; buildActionMask = 2147483647; files = (); runOnlyForDeploymentPostprocessing = 0; };
		AA000301 = {isa = PBXResourcesBuildPhase; buildActionMask = 2147483647; files = (); runOnlyForDeploymentPostprocessing = 0; };
		AA000302 = {isa = PBXResourcesBuildPhase; buildActionMask = 2147483647; files = (); runOnlyForDeploymentPostprocessing = 0; };
		AA000303 = {isa = PBXResourcesBuildPhase; buildActionMask = 2147483647; files = (); runOnlyForDeploymentPostprocessing = 0; };
/* End PBXResourcesBuildPhase section */

/* Begin PBXGroup section */
		AA000000 = {
			isa = PBXGroup;
			children = (
				AA000010 /* BlindDrop */,
				AA000011 /* Unit */,
				AA000012 /* Snapshot */,
				AA000013 /* UI */,
				AA000005 /* Products */,
			);
			sourceTree = "<group>";
		};
		AA000005 /* Products */ = {
			isa = PBXGroup;
			children = (
				AA000001 /* BlindDrop.app */,
				AA000002 /* BlindDropUnitTests.xctest */,
				AA000003 /* BlindDropSnapshotTests.xctest */,
				AA000004 /* BlindDropUITests.xctest */,
			);
			name = Products;
			sourceTree = "<group>";
		};
/* End PBXGroup section */

/* Begin PBXTargetDependency section */
		AA000700 = {isa = PBXTargetDependency; target = AA000401 /* BlindDropUnitTests */; targetProxy = AA000800; };
		AA000701 = {isa = PBXTargetDependency; target = AA000402 /* BlindDropSnapshotTests */; targetProxy = AA000801; };
		AA000702 = {isa = PBXTargetDependency; target = AA000403 /* BlindDropUITests */; targetProxy = AA000802; };
		AA000703 = {isa = PBXTargetDependency; target = AA000400 /* BlindDrop */; targetProxy = AA000803; };
		AA000704 = {isa = PBXTargetDependency; target = AA000400 /* BlindDrop */; targetProxy = AA000804; };
		AA000705 = {isa = PBXTargetDependency; target = AA000400 /* BlindDrop */; targetProxy = AA000805; };
/* End PBXTargetDependency section */

/* Begin PBXContainerItemProxy section */
		AA000800 = {isa = PBXContainerItemProxy; containerPortal = AA000900; proxyType = 1; remoteGlobalIDString = AA000401; remoteInfo = BlindDropUnitTests; };
		AA000801 = {isa = PBXContainerItemProxy; containerPortal = AA000900; proxyType = 1; remoteGlobalIDString = AA000402; remoteInfo = BlindDropSnapshotTests; };
		AA000802 = {isa = PBXContainerItemProxy; containerPortal = AA000900; proxyType = 1; remoteGlobalIDString = AA000403; remoteInfo = BlindDropUITests; };
		AA000803 = {isa = PBXContainerItemProxy; containerPortal = AA000900; proxyType = 1; remoteGlobalIDString = AA000400; remoteInfo = BlindDrop; };
		AA000804 = {isa = PBXContainerItemProxy; containerPortal = AA000900; proxyType = 1; remoteGlobalIDString = AA000400; remoteInfo = BlindDrop; };
		AA000805 = {isa = PBXContainerItemProxy; containerPortal = AA000900; proxyType = 1; remoteGlobalIDString = AA000400; remoteInfo = BlindDrop; };
/* End PBXContainerItemProxy section */

/* Begin PBXNativeTarget section */
		AA000400 /* BlindDrop */ = {
			isa = PBXNativeTarget;
			buildConfigurationList = AA000500;
			buildPhases = (AA000200, AA000100, AA000300);
			buildRules = ();
			dependencies = ();
			fileSystemSynchronizedGroups = (AA000010);
			name = BlindDrop;
			packageProductDependencies = ();
			productName = BlindDrop;
			productReference = AA000001;
			productType = "com.apple.product-type.application";
		};
		AA000401 /* BlindDropUnitTests */ = {
			isa = PBXNativeTarget;
			buildConfigurationList = AA000501;
			buildPhases = (AA000201, AA000101, AA000301);
			buildRules = ();
			dependencies = (AA000703);
			fileSystemSynchronizedGroups = (AA000011);
			name = BlindDropUnitTests;
			productName = BlindDropUnitTests;
			productReference = AA000002;
			productType = "com.apple.product-type.bundle.unit-test";
		};
		AA000402 /* BlindDropSnapshotTests */ = {
			isa = PBXNativeTarget;
			buildConfigurationList = AA000502;
			buildPhases = (AA000202, AA000102, AA000302);
			buildRules = ();
			dependencies = (AA000704);
			fileSystemSynchronizedGroups = (AA000012);
			name = BlindDropSnapshotTests;
			productName = BlindDropSnapshotTests;
			productReference = AA000003;
			productType = "com.apple.product-type.bundle.unit-test";
		};
		AA000403 /* BlindDropUITests */ = {
			isa = PBXNativeTarget;
			buildConfigurationList = AA000503;
			buildPhases = (AA000203, AA000103, AA000303);
			buildRules = ();
			dependencies = (AA000705);
			fileSystemSynchronizedGroups = (AA000013);
			name = BlindDropUITests;
			productName = BlindDropUITests;
			productReference = AA000004;
			productType = "com.apple.product-type.bundle.ui-testing";
		};
/* End PBXNativeTarget section */

/* Begin PBXProject section */
		AA000900 /* Project object */ = {
			isa = PBXProject;
			attributes = {
				BuildIndependentTargetsInParallel = 1;
				LastSwiftUpdateCheck = 2650;
				LastUpgradeCheck = 2650;
				TargetAttributes = {
					AA000400 = {
						CreatedOnToolsVersion = 26.5;
						SystemCapabilities = {
							com.apple.BackgroundModes = {enabled = 0; };
							com.apple.Push = {enabled = 1; };
							com.apple.SafariKeychain = {enabled = 0; };
							com.apple.SigningInWithApple = {enabled = 1; };
							com.apple.developer.associated-domains = {enabled = 1; };
							com.apple.developer.musickit = {enabled = 1; };
						};
					};
					AA000401 = {CreatedOnToolsVersion = 26.5; TestTargetID = AA000400; };
					AA000402 = {CreatedOnToolsVersion = 26.5; TestTargetID = AA000400; };
					AA000403 = {CreatedOnToolsVersion = 26.5; TestTargetID = AA000400; };
				};
			};
			buildConfigurationList = AA000504;
			developmentRegion = en;
			hasScannedForEncodings = 0;
			knownRegions = (en, Base);
			mainGroup = AA000000;
			minimizedProjectReferenceProxies = 1;
			preferredProjectObjectVersion = 77;
			productRefGroup = AA000005;
			projectDirPath = "";
			projectRoot = "";
			targets = (AA000400, AA000401, AA000402, AA000403);
		};
/* End PBXProject section */

/* Begin XCBuildConfiguration section */
		AA000600 /* Project Debug */ = {
			isa = XCBuildConfiguration;
			buildSettings = {
				ALWAYS_SEARCH_USER_PATHS = NO;
				CLANG_ENABLE_OBJC_WEAK = YES;
				COPY_PHASE_STRIP = NO;
				DEBUG_INFORMATION_FORMAT = dwarf;
				ENABLE_STRICT_OBJC_MSGSEND = YES;
				ENABLE_TESTABILITY = YES;
				ENABLE_USER_SCRIPT_SANDBOXING = YES;
				GCC_OPTIMIZATION_LEVEL = 0;
				GCC_PREPROCESSOR_DEFINITIONS = ("DEBUG=1", "$(inherited)");
				IPHONEOS_DEPLOYMENT_TARGET = 17.0;
				MTL_ENABLE_DEBUG_INFO = INCLUDE_SOURCE;
				ONLY_ACTIVE_ARCH = YES;
				SDKROOT = iphoneos;
				SWIFT_ACTIVE_COMPILATION_CONDITIONS = "DEBUG $(inherited)";
				SWIFT_OPTIMIZATION_LEVEL = "-Onone";
				SWIFT_STRICT_CONCURRENCY = complete;
				SWIFT_UPCOMING_FEATURE_CONCISE_MAGIC_FILE = YES;
				SWIFT_VERSION = 6.0;
				TARGETED_DEVICE_FAMILY = 1;
			};
			name = Debug;
		};
		AA000601 /* Project Release */ = {
			isa = XCBuildConfiguration;
			buildSettings = {
				ALWAYS_SEARCH_USER_PATHS = NO;
				CLANG_ENABLE_OBJC_WEAK = YES;
				COPY_PHASE_STRIP = NO;
				DEBUG_INFORMATION_FORMAT = "dwarf-with-dsym";
				ENABLE_NS_ASSERTIONS = NO;
				ENABLE_STRICT_OBJC_MSGSEND = YES;
				ENABLE_USER_SCRIPT_SANDBOXING = YES;
				IPHONEOS_DEPLOYMENT_TARGET = 17.0;
				MTL_ENABLE_DEBUG_INFO = NO;
				SDKROOT = iphoneos;
				SWIFT_COMPILATION_MODE = wholemodule;
				SWIFT_STRICT_CONCURRENCY = complete;
				SWIFT_UPCOMING_FEATURE_CONCISE_MAGIC_FILE = YES;
				SWIFT_VERSION = 6.0;
				TARGETED_DEVICE_FAMILY = 1;
				VALIDATE_PRODUCT = YES;
			};
			name = Release;
		};
		AA000610 /* App Debug */ = {
			isa = XCBuildConfiguration;
			buildSettings = {
				ASSETCATALOG_COMPILER_APPICON_NAME = AppIcon;
				CODE_SIGN_ENTITLEMENTS = BlindDrop/BlindDrop.entitlements;
				CODE_SIGN_IDENTITY = "";
				CODE_SIGNING_ALLOWED = NO;
				CODE_SIGNING_REQUIRED = NO;
				CURRENT_PROJECT_VERSION = 1;
				GENERATE_INFOPLIST_FILE = YES;
				INFOPLIST_FILE = BlindDrop/Info.plist;
				INFOPLIST_KEY_CFBundleDisplayName = "Blind Drop";
				INFOPLIST_KEY_NSAppleMusicUsageDescription = "Only used to build a playlist in your library when you export the group's record.";
				INFOPLIST_KEY_UIApplicationSceneManifest_Generation = YES;
				INFOPLIST_KEY_UILaunchScreen_Generation = YES;
				INFOPLIST_KEY_UIRequiresFullScreen = YES;
				INFOPLIST_KEY_UIStatusBarStyle = UIStatusBarStyleDarkContent;
				INFOPLIST_KEY_UISupportedInterfaceOrientations = UIInterfaceOrientationPortrait;
				INFOPLIST_KEY_UIUserInterfaceStyle = Light;
				MARKETING_VERSION = 0.1.0;
				PRODUCT_BUNDLE_IDENTIFIER = com.blinddrop.app;
				PRODUCT_NAME = "$(TARGET_NAME)";
				SPOTIFY_CLIENT_ID = "";
				SWIFT_EMIT_LOC_STRINGS = YES;
				TARGETED_DEVICE_FAMILY = 1;
			};
			name = Debug;
		};
		AA000611 /* App Release */ = {
			isa = XCBuildConfiguration;
			buildSettings = {
				ASSETCATALOG_COMPILER_APPICON_NAME = AppIcon;
				CODE_SIGN_ENTITLEMENTS = BlindDrop/BlindDrop.entitlements;
				CODE_SIGN_IDENTITY = "";
				CODE_SIGNING_ALLOWED = NO;
				CODE_SIGNING_REQUIRED = NO;
				CURRENT_PROJECT_VERSION = 1;
				GENERATE_INFOPLIST_FILE = YES;
				INFOPLIST_FILE = BlindDrop/Info.plist;
				INFOPLIST_KEY_CFBundleDisplayName = "Blind Drop";
				INFOPLIST_KEY_NSAppleMusicUsageDescription = "Only used to build a playlist in your library when you export the group's record.";
				INFOPLIST_KEY_UIApplicationSceneManifest_Generation = YES;
				INFOPLIST_KEY_UILaunchScreen_Generation = YES;
				INFOPLIST_KEY_UIRequiresFullScreen = YES;
				INFOPLIST_KEY_UIStatusBarStyle = UIStatusBarStyleDarkContent;
				INFOPLIST_KEY_UISupportedInterfaceOrientations = UIInterfaceOrientationPortrait;
				INFOPLIST_KEY_UIUserInterfaceStyle = Light;
				MARKETING_VERSION = 0.1.0;
				PRODUCT_BUNDLE_IDENTIFIER = com.blinddrop.app;
				PRODUCT_NAME = "$(TARGET_NAME)";
				SPOTIFY_CLIENT_ID = "";
				SWIFT_EMIT_LOC_STRINGS = YES;
				TARGETED_DEVICE_FAMILY = 1;
			};
			name = Release;
		};
		AA000620 /* Unit Debug */ = {
			isa = XCBuildConfiguration;
			buildSettings = {
				BUNDLE_LOADER = "$(TEST_HOST)";
				CODE_SIGNING_ALLOWED = NO;
				GENERATE_INFOPLIST_FILE = YES;
				PRODUCT_BUNDLE_IDENTIFIER = com.blinddrop.app.UnitTests;
				PRODUCT_NAME = "$(TARGET_NAME)";
				TEST_HOST = "$(BUILT_PRODUCTS_DIR)/BlindDrop.app/$(BUNDLE_EXECUTABLE_FOLDER_PATH)/BlindDrop";
			};
			name = Debug;
		};
		AA000621 /* Unit Release */ = {
			isa = XCBuildConfiguration;
			buildSettings = {
				BUNDLE_LOADER = "$(TEST_HOST)";
				CODE_SIGNING_ALLOWED = NO;
				GENERATE_INFOPLIST_FILE = YES;
				PRODUCT_BUNDLE_IDENTIFIER = com.blinddrop.app.UnitTests;
				PRODUCT_NAME = "$(TARGET_NAME)";
				TEST_HOST = "$(BUILT_PRODUCTS_DIR)/BlindDrop.app/$(BUNDLE_EXECUTABLE_FOLDER_PATH)/BlindDrop";
			};
			name = Release;
		};
		AA000630 /* Snapshot Debug */ = {
			isa = XCBuildConfiguration;
			buildSettings = {
				BUNDLE_LOADER = "$(TEST_HOST)";
				CODE_SIGNING_ALLOWED = NO;
				GENERATE_INFOPLIST_FILE = YES;
				PRODUCT_BUNDLE_IDENTIFIER = com.blinddrop.app.SnapshotTests;
				PRODUCT_NAME = "$(TARGET_NAME)";
				TEST_HOST = "$(BUILT_PRODUCTS_DIR)/BlindDrop.app/$(BUNDLE_EXECUTABLE_FOLDER_PATH)/BlindDrop";
			};
			name = Debug;
		};
		AA000631 /* Snapshot Release */ = {
			isa = XCBuildConfiguration;
			buildSettings = {
				BUNDLE_LOADER = "$(TEST_HOST)";
				CODE_SIGNING_ALLOWED = NO;
				GENERATE_INFOPLIST_FILE = YES;
				PRODUCT_BUNDLE_IDENTIFIER = com.blinddrop.app.SnapshotTests;
				PRODUCT_NAME = "$(TARGET_NAME)";
				TEST_HOST = "$(BUILT_PRODUCTS_DIR)/BlindDrop.app/$(BUNDLE_EXECUTABLE_FOLDER_PATH)/BlindDrop";
			};
			name = Release;
		};
		AA000640 /* UI Debug */ = {
			isa = XCBuildConfiguration;
			buildSettings = {
				CODE_SIGNING_ALLOWED = NO;
				GENERATE_INFOPLIST_FILE = YES;
				PRODUCT_BUNDLE_IDENTIFIER = com.blinddrop.app.UITests;
				PRODUCT_NAME = "$(TARGET_NAME)";
				TEST_TARGET_NAME = BlindDrop;
			};
			name = Debug;
		};
		AA000641 /* UI Release */ = {
			isa = XCBuildConfiguration;
			buildSettings = {
				CODE_SIGNING_ALLOWED = NO;
				GENERATE_INFOPLIST_FILE = YES;
				PRODUCT_BUNDLE_IDENTIFIER = com.blinddrop.app.UITests;
				PRODUCT_NAME = "$(TARGET_NAME)";
				TEST_TARGET_NAME = BlindDrop;
			};
			name = Release;
		};
/* End XCBuildConfiguration section */

/* Begin XCConfigurationList section */
		AA000504 = {isa = XCConfigurationList; buildConfigurations = (AA000600, AA000601); defaultConfigurationIsVisible = 0; defaultConfigurationName = Release; };
		AA000500 = {isa = XCConfigurationList; buildConfigurations = (AA000610, AA000611); defaultConfigurationIsVisible = 0; defaultConfigurationName = Release; };
		AA000501 = {isa = XCConfigurationList; buildConfigurations = (AA000620, AA000621); defaultConfigurationIsVisible = 0; defaultConfigurationName = Release; };
		AA000502 = {isa = XCConfigurationList; buildConfigurations = (AA000630, AA000631); defaultConfigurationIsVisible = 0; defaultConfigurationName = Release; };
		AA000503 = {isa = XCConfigurationList; buildConfigurations = (AA000640, AA000641); defaultConfigurationIsVisible = 0; defaultConfigurationName = Release; };
/* End XCConfigurationList section */
	};
	rootObject = AA000900 /* Project object */;
}
